{
  "lockfileVersion": 1,
  "workspaces": {
    "": {
      "dependencies": {
        "@radix-ui/react-avatar": "^1.1.9",
        "@radix-ui/react-icons": "^1.3.2",
        "lucide-react": "^0.510.0",
      },
    },
  },
  "packages": {
    "@radix-ui/react-avatar": ["@radix-ui/react-avatar@1.1.9", "", { "dependencies": { "@radix-ui/react-context": "1.1.2", "@radix-ui/react-primitive": "2.1.2", "@radix-ui/react-use-callback-ref": "1.1.1", "@radix-ui/react-use-is-hydrated": "0.1.0", "@radix-ui/react-use-layout-effect": "1.1.1" }, "peerDependencies": { "@types/react": "*", "@types/react-dom": "*", "react": "^16.8 || ^17.0 || ^18.0 || ^19.0 || ^19.0.0-rc", "react-dom": "^16.8 || ^17.0 || ^18.0 || ^19.0 || ^19.0.0-rc" }, "optionalPeers": ["@types/react", "@types/react-dom"] }, "sha512-10tQokfvZdFvnvDkcOJPjm2pWiP8A0R4T83MoD7tb15bC/k2GU7B1YBuzJi8lNQ8V1QqhP8ocNqp27ByZaNagQ=="],

    "@radix-ui/react-compose-refs": ["@radix-ui/react-compose-refs@1.1.2", "", { "peerDependencies": { "@types/react": "*", "react": "^16.8 || ^17.0 || ^18.0 || ^19.0 || ^19.0.0-rc" }, "optionalPeers": ["@types/react"] }, "sha512-z4eqJvfiNnFMHIIvXP3CY57y2WJs5g2v3X0zm9mEJkrkNv4rDxu+sg9Jh8EkXyeqBkB7SOcboo9dMVqhyrACIg=="],

    "@radix-ui/react-context": ["@radix-ui/react-context@1.1.2", "", { "peerDependencies": { "@types/react": "*", "react": "^16.8 || ^17.0 || ^18.0 || ^19.0 || ^19.0.0-rc" }, "optionalPeers": ["@types/react"] }, "sha512-jCi/QKUM2r1Ju5a3J64TH2A5SpKAgh0LpknyqdQ4m6DCV0xJ2HG1xARRwNGPQfi1SLdLWZ1OJz6F4OMBBNiGJA=="],

    "@radix-ui/react-icons": ["@radix-ui/react-icons@1.3.2", "", { "peerDependencies": { "react": "^16.x || ^17.x || ^18.x || ^19.0.0 || ^19.0.0-rc" } }, "sha512-fyQIhGDhzfc9pK2kH6Pl9c4BDJGfMkPqkyIgYDthyNYoNg3wVhoJMMh19WS4Up/1KMPFVpNsT2q3WmXn2N1m6g=="],

    "@radix-ui/react-primitive": ["@radix-ui/react-primitive@2.1.2", "", { "dependencies": { "@radix-ui/react-slot": "1.2.2" }, "peerDependencies": { "@types/react": "*", "@types/react-dom": "*", "react": "^16.8 || ^17.0 || ^18.0 || ^19.0 || ^19.0.0-rc", "react-dom": "^16.8 || ^17.0 || ^18.0 || ^19.0 || ^19.0.0-rc" }, "optionalPeers": ["@types/react", "@types/react-dom"] }, "sha512-uHa+l/lKfxuDD2zjN/0peM/RhhSmRjr5YWdk/37EnSv1nJ88uvG85DPexSm8HdFQROd2VdERJ6ynXbkCFi+APw=="],

    "@radix-ui/react-slot": ["@radix-ui/react-slot@1.2.2", "", { "dependencies": { "@radix-ui/react-compose-refs": "1.1.2" }, "peerDependencies": { "@types/react": "*", "react": "^16.8 || ^17.0 || ^18.0 || ^19.0 || ^19.0.0-rc" }, "optionalPeers": ["@types/react"] }, "sha512-y7TBO4xN4Y94FvcWIOIh18fM4R1A8S4q1jhoz4PNzOoHsFcN8pogcFmZrTYAm4F9VRUrWP/Mw7xSKybIeRI+CQ=="],

    "@radix-ui/react-use-callback-ref": ["@radix-ui/react-use-callback-ref@1.1.1", "", { "peerDependencies": { "@types/react": "*", "react": "^16.8 || ^17.0 || ^18.0 || ^19.0 || ^19.0.0-rc" }, "optionalPeers": ["@types/react"] }, "sha512-FkBMwD+qbGQeMu1cOHnuGB6x4yzPjho8ap5WtbEJ26umhgqVXbhekKUQO+hZEL1vU92a3wHwdp0HAcqAUF5iDg=="],

    "@radix-ui/react-use-is-hydrated": ["@radix-ui/react-use-is-hydrated@0.1.0", "", { "dependencies": { "use-sync-external-store": "^1.5.0" }, "peerDependencies": { "@types/react": "*", "react": "^16.8 || ^17.0 || ^18.0 || ^19.0 || ^19.0.0-rc" }, "optionalPeers": ["@types/react"] }, "sha512-U+UORVEq+cTnRIaostJv9AGdV3G6Y+zbVd+12e18jQ5A3c0xL03IhnHuiU4UV69wolOQp5GfR58NW/EgdQhwOA=="],

    "@radix-ui/react-use-layout-effect": ["@radix-ui/react-use-layout-effect@1.1.1", "", { "peerDependencies": { "@types/react": "*", "react": "^16.8 || ^17.0 || ^18.0 || ^19.0 || ^19.0.0-rc" }, "optionalPeers": ["@types/react"] }, "sha512-RbJRS4UWQFkzHTTwVymMTUv8EqYhOp8dOOviLj2ugtTiXRaRQS7GLGxZTLL1jWhMeoSCf5zmcZkqTl9IiYfXcQ=="],

    "lucide-react": ["lucide-react@0.510.0", "", { "peerDependencies": { "react": "^16.5.1 || ^17.0.0 || ^18.0.0 || ^19.0.0" } }, "sha512-p8SQRAMVh7NhsAIETokSqDrc5CHnDLbV29mMnzaXx+Vc/hnqQzwI2r0FMWCcoTXnbw2KEjy48xwpGdEL+ck06Q=="],

    "react": ["react@19.1.0", "", {}, "sha512-FS+XFBNvn3GTAWq26joslQgWNoFu08F4kl0J4CgdNKADkdSGXQyTCnKteIAJy96Br6YbpEU1LSzV5dYtjMkMDg=="],

    "react-dom": ["react-dom@19.1.0", "", { "dependencies": { "scheduler": "^0.26.0" }, "peerDependencies": { "react": "^19.1.0" } }, "sha512-Xs1hdnE+DyKgeHJeJznQmYMIBG3TKIHJJT95Q58nHLSrElKlGQqDTR2HQ9fx5CN/Gk6Vh/kupBTDLU11/nDk/g=="],

    "scheduler": ["scheduler@0.26.0", "", {}, "sha512-NlHwttCI/l5gCPR3D1nNXtWABUmBwvZpEQiD4IXSbIDq8BzLIK/7Ir5gTFSGZDUu37K5cMNp0hFtzO38sC7gWA=="],

    "use-sync-external-store": ["use-sync-external-store@1.5.0", "", { "peerDependencies": { "react": "^16.8.0 || ^17.0.0 || ^18.0.0 || ^19.0.0" } }, "sha512-Rb46I4cGGVBmjamjphe8L/UnvJD+uPPtTkNvX5mZgqdbavhI4EbgIWJiIHXJ8bc/i9EQGPRh4DwEURJ552Do0A=="],
  }
}
